
Microsoft Visual Studio Solution File, Format Version 12.00
# Visual Studio Version 17
VisualStudioVersion = 17.3.32929.385
MinimumVisualStudioVersion = 10.0.40219.1
Project("{FAE04EC0-301F-11D3-BF4B-00C04F79EFBC}") = "01_LINQ", "01_LINQ.csproj", "{EC3EBEA7-0B49-487D-A069-D95F82E1776B}"
EndProject
Project("{FAE04EC0-301F-11D3-BF4B-00C04F79EFBC}") = "02_LINQ", "..\02_LINQ\02_LINQ.csproj", "{6CF8B5A2-42A7-4941-897B-95F87D00E803}"
EndProject
Project("{FAE04EC0-301F-11D3-BF4B-00C04F79EFBC}") = "03_LINQ_OBJ", "..\03_LINQ_OBJ\03_LINQ_OBJ.csproj", "{B930EE50-479E-4EFE-8644-59A5930549CC}"
EndProject
Project("{FAE04EC0-301F-11D3-BF4B-00C04F79EFBC}") = "04_LINQ_JOIN", "..\04_LINQ_JOIN\04_LINQ_JOIN.csproj", "{14A5AE97-12F1-4EEF-8F9B-AE4074E2EDA5}"
EndProject
Project("{FAE04EC0-301F-11D3-BF4B-00C04F79EFBC}") = "05_LINQ_GROUP", "..\05_LINQ_GROUP\05_LINQ_GROUP.csproj", "{8CDCA785-FDAD-4262-AAEC-28B38BDABB9C}"
EndProject
Global
	GlobalSection(SolutionConfigurationPlatforms) = preSolution
		Debug|Any CPU = Debug|Any CPU
		Release|Any CPU = Release|Any CPU
	EndGlobalSection
	GlobalSection(ProjectConfigurationPlatforms) = postSolution
		{EC3EBEA7-0B49-487D-A069-D95F82E1776B}.Debug|Any CPU.ActiveCfg = Debug|Any CPU
		{EC3EBEA7-0B49-487D-A069-D95F82E1776B}.Debug|Any CPU.Build.0 = Debug|Any CPU
		{EC3EBEA7-0B49-487D-A069-D95F82E1776B}.Release|Any CPU.ActiveCfg = Release|Any CPU
		{EC3EBEA7-0B49-487D-A069-D95F82E1776B}.Release|Any CPU.Build.0 = Release|Any CPU
		{6CF8B5A2-42A7-4941-897B-95F87D00E803}.Debug|Any CPU.ActiveCfg = Debug|Any CPU
		{6CF8B5A2-42A7-4941-897B-95F87D00E803}.Debug|Any CPU.Build.0 = Debug|Any CPU
		{6CF8B5A2-42A7-4941-897B-95F87D00E803}.Release|Any CPU.ActiveCfg = Release|Any CPU
		{6CF8B5A2-42A7-4941-897B-95F87D00E803}.Release|Any CPU.Build.0 = Release|Any CPU
		{B930EE50-479E-4EFE-8644-59A5930549CC}.Debug|Any CPU.ActiveCfg = Debug|Any CPU
		{B930EE50-479E-4EFE-8644-59A5930549CC}.Debug|Any CPU.Build.0 = Debug|Any CPU
		{B930EE50-479E-4EFE-8644-59A5930549CC}.Release|Any CPU.ActiveCfg = Release|Any CPU
		{B930EE50-479E-4EFE-8644-59A5930549CC}.Release|Any CPU.Build.0 = Release|Any CPU
		{14A5AE97-12F1-4EEF-8F9B-AE4074E2EDA5}.Debug|Any CPU.ActiveCfg = Debug|Any CPU
		{14A5AE97-12F1-4EEF-8F9B-AE4074E2EDA5}.Debug|Any CPU.Build.0 = Debug|Any CPU
		{14A5AE97-12F1-4EEF-8F9B-AE4074E2EDA5}.Release|Any CPU.ActiveCfg = Release|Any CPU
		{14A5AE97-12F1-4EEF-8F9B-AE4074E2EDA5}.Release|Any CPU.Build.0 = Release|Any CPU
		{8CDCA785-FDAD-4262-AAEC-28B38BDABB9C}.Debug|Any CPU.ActiveCfg = Debug|Any CPU
		{8CDCA785-FDAD-4262-AAEC-28B38BDABB9C}.Debug|Any CPU.Build.0 = Debug|Any CPU
		{8CDCA785-FDAD-4262-AAEC-28B38BDABB9C}.Release|Any CPU.ActiveCfg = Release|Any CPU
		{8CDCA785-FDAD-4262-AAEC-28B38BDABB9C}.Release|Any CPU.Build.0 = Release|Any CPU
	EndGlobalSection
	GlobalSection(SolutionProperties) = preSolution
		HideSolutionNode = FALSE
	EndGlobalSection
	GlobalSection(ExtensibilityGlobals) = postSolution
		SolutionGuid = {6B460D0A-DC1A-4EE6-9166-92196F45F3FA}
	EndGlobalSection
EndGlobal
